
Microsoft Visual Studio Solution File, Format Version 12.00
# Visual Studio 15
VisualStudioVersion = 15.0.27130.2036
MinimumVisualStudioVersion = 10.0.40219.1
Project("{FAE04EC0-301F-11D3-BF4B-00C04F79EFBC}") = "Faculty", "Faculty\Faculty.csproj", "{62CDC43A-36FB-4915-839A-1824D8602BF1}"
EndProject
Global
	GlobalSection(SolutionConfigurationPlatforms) = preSolution
		Debug|Any CPU = Debug|Any CPU
		Release|Any CPU = Release|Any CPU
	EndGlobalSection
	GlobalSection(ProjectConfigurationPlatforms) = postSolution
		{62CDC43A-36FB-4915-839A-1824D8602BF1}.Debug|Any CPU.ActiveCfg = Debug|Any CPU
		{62CDC43A-36FB-4915-839A-1824D8602BF1}.Debug|Any CPU.Build.0 = Debug|Any CPU
		{62CDC43A-36FB-4915-839A-1824D8602BF1}.Release|Any CPU.ActiveCfg = Release|Any CPU
		{62CDC43A-36FB-4915-839A-1824D8602BF1}.Release|Any CPU.Build.0 = Release|Any CPU
	EndGlobalSection
	GlobalSection(SolutionProperties) = preSolution
		HideSolutionNode = FALSE
	EndGlobalSection
	GlobalSection(ExtensibilityGlobals) = postSolution
		SolutionGuid = {3F828202-0260-4F7B-8D17-4D6693CFCD3A}
	EndGlobalSection
EndGlobal
